
Microsoft Visual Studio Solution File, Format Version 12.00
# Visual Studio 15
VisualStudioVersion = 15.0.27130.2036
MinimumVisualStudioVersion = 10.0.40219.1
Project("{FAE04EC0-301F-11D3-BF4B-00C04F79EFBC}") = "JsonConverter", "JsonConverter\JsonConverter.csproj", "{95C91BA3-E4A1-4819-B7F9-E79FE80B5561}"
EndProject
Global
	GlobalSection(SolutionConfigurationPlatforms) = preSolution
		Debug|Any CPU = Debug|Any CPU
		Release|Any CPU = Release|Any CPU
	EndGlobalSection
	GlobalSection(ProjectConfigurationPlatforms) = postSolution
		{95C91BA3-E4A1-4819-B7F9-E79FE80B5561}.Debug|Any CPU.ActiveCfg = Debug|Any CPU
		{95C91BA3-E4A1-4819-B7F9-E79FE80B5561}.Debug|Any CPU.Build.0 = Debug|Any CPU
		{95C91BA3-E4A1-4819-B7F9-E79FE80B5561}.Release|Any CPU.ActiveCfg = Release|Any CPU
		{95C91BA3-E4A1-4819-B7F9-E79FE80B5561}.Release|Any CPU.Build.0 = Release|Any CPU
	EndGlobalSection
	GlobalSection(SolutionProperties) = preSolution
		HideSolutionNode = FALSE
	EndGlobalSection
	GlobalSection(ExtensibilityGlobals) = postSolution
		SolutionGuid = {F92911EC-0695-4A7A-86DA-74DAF58629F6}
	EndGlobalSection
EndGlobal
